{
  "name": "test",
  "version": "1.0.0",
  "lockfileVersion": 1,
  "requires": true,
  "dependencies": {
    "gitbook-plugin-back-to-top-button": {
      "version": "0.1.4",
      "resolved": "https://registry.npmjs.org/gitbook-plugin-back-to-top-button/-/gitbook-plugin-back-to-top-button-0.1.4.tgz",
      "integrity": "sha512-B97MdUp4YhNkSmEc1v+5E21nRaI+ppNKjz2oZelZ8DTuumOMe/e0QizXC2ymxO8iYPkWuaqzaeGedHpxRq/Yhw=="
    },
    "gitbook-plugin-code": {
      "version": "0.1.0",
      "resolved": "https://registry.npmjs.org/gitbook-plugin-code/-/gitbook-plugin-code-0.1.0.tgz",
      "integrity": "sha512-TE8CUFlN7da4SiN2LYx8qk+FX5w2O2IicEcn48sPTpA8gj9qKQqpYpGEdwgsDEev11shEjCZhDwFN//GQ7bdnA=="
    },
    "gitbook-plugin-expandable-chapters": {
      "version": "0.2.0",
      "resolved": "https://registry.npmjs.org/gitbook-plugin-expandable-chapters/-/gitbook-plugin-expandable-chapters-0.2.0.tgz",
      "integrity": "sha512-oEFVR/5UrjQYsu/WWPLiwgB2kUi9V3T+JqifBBzEvC45aPNmV1Jx/zoWSlISYSN9M5f8/l1DPl5zkL5hFSFfgA=="
    },
    "gitbook-plugin-pageview-count": {
      "version": "1.0.1",
      "resolved": "https://registry.npmjs.org/gitbook-plugin-pageview-count/-/gitbook-plugin-pageview-count-1.0.1.tgz",
      "integrity": "sha512-5lb2tSTTxvt7Su8dhPlKCO8sYwIA15MJPmlVTa/WcH3SEphlGLb4Z0DzvfHxfzn33ilbJTljwk28yOzw/tpFhA=="
    },
    "gitbook-plugin-search-pro": {
      "version": "2.0.2",
      "resolved": "https://registry.npmjs.org/gitbook-plugin-search-pro/-/gitbook-plugin-search-pro-2.0.2.tgz",
      "integrity": "sha512-JZvfwp1DPsoAeGjGwLsYNr4BBgreAUYBfrpZbnLKg3COAO+OsFYOKEAexHKATOajCEhiQMfkN1rnFGTYP2XTkA==",
      "requires": {
        "html-entities": "1.2.0"
      }
    },
    "gitbook-plugin-theme-comscore": {
      "version": "0.0.3",
      "resolved": "https://registry.npmjs.org/gitbook-plugin-theme-comscore/-/gitbook-plugin-theme-comscore-0.0.3.tgz",
      "integrity": "sha512-GNxYW3n10Pa6EAGx+7+dDVcyf7VambzyO6Mt5Y3x62fntyIOQWtqX46RgMZuhHbOtIeN/BR6T0DKlwoeUhmY0w=="
    },
    "html-entities": {
      "version": "1.2.0",
      "resolved": "https://registry.npmjs.org/html-entities/-/html-entities-1.2.0.tgz",
      "integrity": "sha512-0md7tlUUyb0BEQGsZzbqty1CgV6RESOoxdivt94AScqhBhYsPCCQCOaGvur/RospMjYpPJ7iFe3zw4Bu4SVA8g=="
    }
  }
}
